<?xml version="1.0" encoding="utf-8"?>
<Project ToolsVersion="4.0" xmlns="http://schemas.microsoft.com/developer/msbuild/2003">
  <ItemGroup>
    <Filter Include="Source Files">
      <UniqueIdentifier>{246C24AB-FAC4-4793-A56D-3E2B8C65708C}</UniqueIdentifier>
      <Extensions>cpp;c;cc;cxx;def;odl;idl;hpj;bat;asm;asmx</Extensions>
    </Filter>
    <Filter Include="Source Files\xml">
      <UniqueIdentifier>{5326ff6d-e266-424d-9aaf-7d3ce30b34a4}</UniqueIdentifier>
    </Filter>
    <Filter Include="Header Files">
      <UniqueIdentifier>{2131A055-29C9-4a43-95EA-AC2B03952870}</UniqueIdentifier>
      <Extensions>h;hpp;hxx;hm;inl;inc;xsd</Extensions>
    </Filter>
    <Filter Include="Header Files\xml">
      <UniqueIdentifier>{c4df999d-0a03-43a0-aa4a-fddde4cdadcb}</UniqueIdentifier>
    </Filter>
    <Filter Include="Resource Files">
      <UniqueIdentifier>{D967D139-A13C-46e9-A8FE-FAD74D6CF49A}</UniqueIdentifier>
      <Extensions>rc;ico;cur;bmp;dlg;rc2;rct;bin;rgs;gif;jpg;jpeg;jpe;resx;tiff;tif;png;wav</Extensions>
    </Filter>
  </ItemGroup>
  <ItemGroup>
    <None Include="auto_fill.def">
      <Filter>Source Files</Filter>
    </None>
  </ItemGroup>
  <ItemGroup>
    <ClCompile Include="..\src\autofill_handler.cpp">
      <Filter>Source Files</Filter>
    </ClCompile>
    <ClCompile Include="..\src\main.cpp">
      <Filter>Source Files</Filter>
    </ClCompile>
    <ClCompile Include="..\src\precompiled_header.cpp">
      <Filter>Source Files</Filter>
    </ClCompile>
    <ClCompile Include="..\src\sequence_default_fill_handler.cpp">
      <Filter>Source Files</Filter>
    </ClCompile>
    <ClCompile Include="..\src\sequence_number_fill_handler.cpp">
      <Filter>Source Files</Filter>
    </ClCompile>
    <ClCompile Include="..\src\sequence_text_fill_handler.cpp">
      <Filter>Source Files</Filter>
    </ClCompile>
    <ClCompile Include="..\src\xml_list_reader.cpp">
      <Filter>Source Files</Filter>
    </ClCompile>
    <ClCompile Include="..\src\autocompletion_list_parser.cpp">
      <Filter>Source Files\xml</Filter>
    </ClCompile>
    <ClCompile Include="..\src\autocompletion_list_readers.cpp">
      <Filter>Source Files\xml</Filter>
    </ClCompile>
    <ClCompile Include="..\src\autocompletion_list_serializer.cpp">
      <Filter>Source Files\xml</Filter>
    </ClCompile>
    <ClCompile Include="..\src\autocompletion_list_writers.cpp">
      <Filter>Source Files\xml</Filter>
    </ClCompile>
  </ItemGroup>
  <ItemGroup>
    <ClInclude Include="..\src\autofill_handler.hpp">
      <Filter>Header Files</Filter>
    </ClInclude>
    <ClInclude Include="..\src\precompiled_header.hpp">
      <Filter>Header Files</Filter>
    </ClInclude>
    <ClInclude Include="..\src\sequence_default_fill_handler.hpp">
      <Filter>Header Files</Filter>
    </ClInclude>
    <ClInclude Include="..\src\sequence_number_fill_handler.hpp">
      <Filter>Header Files</Filter>
    </ClInclude>
    <ClInclude Include="..\src\sequence_text_fill_handler.hpp">
      <Filter>Header Files</Filter>
    </ClInclude>
    <ClInclude Include="..\src\xml_list_reader.hpp">
      <Filter>Header Files</Filter>
    </ClInclude>
    <ClInclude Include="..\src\autocompletion_list.hpp">
      <Filter>Header Files\xml</Filter>
    </ClInclude>
    <ClInclude Include="..\src\autocompletion_list_literals.hpp">
      <Filter>Header Files\xml</Filter>
    </ClInclude>
    <ClInclude Include="..\src\autocompletion_list_parser.hpp">
      <Filter>Header Files\xml</Filter>
    </ClInclude>
    <ClInclude Include="..\src\autocompletion_list_readers.hpp">
      <Filter>Header Files\xml</Filter>
    </ClInclude>
    <ClInclude Include="..\src\autocompletion_list_serializer.hpp">
      <Filter>Header Files\xml</Filter>
    </ClInclude>
    <ClInclude Include="..\src\autocompletion_list_writers.hpp">
      <Filter>Header Files\xml</Filter>
    </ClInclude>
  </ItemGroup>
</Project>