<?xml version="1.0" encoding="utf-8"?>
<Project ToolsVersion="4.0" xmlns="http://schemas.microsoft.com/developer/msbuild/2003">
  <ItemGroup>
    <Filter Include="test">
      <UniqueIdentifier>{4FC737F1-C7A5-4376-A066-2A32D752A2FF}</UniqueIdentifier>
      <Extensions>cpp;c;cc;cxx;def;odl;idl;hpj;bat;asm;asmx</Extensions>
    </Filter>
    <Filter Include="external">
      <UniqueIdentifier>{91c95a6c-cdee-4da0-99c9-0d410ccecdbf}</UniqueIdentifier>
    </Filter>
    <Filter Include="regression">
      <UniqueIdentifier>{0f6be206-c497-421b-ada2-b5695990b6b0}</UniqueIdentifier>
    </Filter>
  </ItemGroup>
  <ItemGroup>
    <ClCompile Include="..\test\test_a1_conversion.cpp">
      <Filter>test</Filter>
    </ClCompile>
    <ClCompile Include="..\test\test_array_formula.cpp">
      <Filter>test</Filter>
    </ClCompile>
    <ClCompile Include="..\test\test_border.cpp">
      <Filter>test</Filter>
    </ClCompile>
    <ClCompile Include="..\test\test_cell_array.cpp">
      <Filter>test</Filter>
    </ClCompile>
    <ClCompile Include="..\test\test_cell_copy.cpp">
      <Filter>test</Filter>
    </ClCompile>
    <ClCompile Include="..\test\test_cell_format.cpp">
      <Filter>test</Filter>
    </ClCompile>
    <ClCompile Include="..\test\test_cell_move.cpp">
      <Filter>test</Filter>
    </ClCompile>
    <ClCompile Include="..\test\test_conditional_format.cpp">
      <Filter>test</Filter>
    </ClCompile>
    <ClCompile Include="..\test\test_content_type.cpp">
      <Filter>test</Filter>
    </ClCompile>
    <ClCompile Include="..\test\test_dependency_handling.cpp">
      <Filter>test</Filter>
    </ClCompile>
    <ClCompile Include="..\test\test_functions.cpp">
      <Filter>test</Filter>
    </ClCompile>
    <ClCompile Include="..\test\test_insert_from_temporary.cpp">
      <Filter>test</Filter>
    </ClCompile>
    <ClCompile Include="..\test\test_interpreter.cpp">
      <Filter>test</Filter>
    </ClCompile>
    <ClCompile Include="..\test\test_locked_cells.cpp">
      <Filter>test</Filter>
    </ClCompile>
    <ClCompile Include="..\test\test_memory_consumtion.cpp">
      <Filter>test</Filter>
    </ClCompile>
    <ClCompile Include="..\test\test_merged_cells.cpp">
      <Filter>test</Filter>
    </ClCompile>
    <ClCompile Include="..\test\test_named_formula.cpp">
      <Filter>test</Filter>
    </ClCompile>
    <ClCompile Include="..\test\test_node.cpp">
      <Filter>test</Filter>
    </ClCompile>
    <ClCompile Include="..\test\test_persistence.cpp">
      <Filter>test</Filter>
    </ClCompile>
    <ClCompile Include="..\test\test_references.cpp">
      <Filter>test</Filter>
    </ClCompile>
    <ClCompile Include="..\test\test_sandbox_for_testing_small_stuff.cpp">
      <Filter>test</Filter>
    </ClCompile>
    <ClCompile Include="..\test\test_sheet_copy.cpp">
      <Filter>test</Filter>
    </ClCompile>
    <ClCompile Include="..\test\test_sheet_point.cpp">
      <Filter>test</Filter>
    </ClCompile>
    <ClCompile Include="..\test\test_sparse_vector.cpp">
      <Filter>test</Filter>
    </ClCompile>
    <ClCompile Include="..\test\test_translation_table.cpp">
      <Filter>test</Filter>
    </ClCompile>
    <ClCompile Include="..\test\test_undo_redo.cpp">
      <Filter>test</Filter>
    </ClCompile>
    <ClCompile Include="..\test\test_used_range.cpp">
      <Filter>test</Filter>
    </ClCompile>
    <ClCompile Include="..\test\test_utf-8_conversion.cpp">
      <Filter>test</Filter>
    </ClCompile>
    <ClCompile Include="..\test\test_volatile.cpp">
      <Filter>test</Filter>
    </ClCompile>
    <ClCompile Include="..\test\test_worksheet_elements.cpp">
      <Filter>test</Filter>
    </ClCompile>
    <ClCompile Include="..\test\test_suite.cpp" />
    <ClCompile Include="..\test\test_performance.cpp">
      <Filter>test</Filter>
    </ClCompile>
    <ClCompile Include="..\test\test_styles.cpp">
      <Filter>test</Filter>
    </ClCompile>
    <ClCompile Include="..\test\regression_9051.cpp">
      <Filter>regression</Filter>
    </ClCompile>
  </ItemGroup>
  <ItemGroup>
    <ClInclude Include="..\test\utils.hpp" />
    <ClInclude Include="..\test\high_resolution_timer.hpp" />
  </ItemGroup>
</Project>